
Microsoft Visual Studio Solution File, Format Version 12.00
# Visual Studio Version 17
VisualStudioVersion = 17.0.31903.59
MinimumVisualStudioVersion = 10.0.40219.1
Project("{FAE04EC0-301F-11D3-BF4B-00C04F79EFBC}") = "Framework45-Test", "Framework45-Test\Framework45-Test.csproj", "{C1433053-2B13-4C06-9E85-5FD441701B37}"
EndProject
Project("{2150E333-8FDC-42A3-9474-1A3956D46DE8}") = "Solution Items", "Solution Items", "{AE7F97EA-0388-41BB-A518-00A538D1E2D7}"
	ProjectSection(SolutionItems) = preProject
		.editorconfig = .editorconfig
	EndProjectSection
EndProject
Project("{9A19103F-16F7-4668-BE54-9A1E7A4F7556}") = "Gerk.Crypto.EncryptedTransfer", "Gerk.Crypto.EncryptedTransfer\Gerk.Crypto.EncryptedTransfer.csproj", "{20EE6A10-C8E4-4509-ADA9-67F7D633EB3A}"
EndProject
Project("{FAE04EC0-301F-11D3-BF4B-00C04F79EFBC}") = "Net6-Test", "Net6-Test\Net6-Test.csproj", "{C50EA6D0-D921-43E2-AAFA-74AACC31D259}"
EndProject
Global
	GlobalSection(SolutionConfigurationPlatforms) = preSolution
		Debug|Any CPU = Debug|Any CPU
		Release|Any CPU = Release|Any CPU
	EndGlobalSection
	GlobalSection(ProjectConfigurationPlatforms) = postSolution
		{C1433053-2B13-4C06-9E85-5FD441701B37}.Debug|Any CPU.ActiveCfg = Debug|Any CPU
		{C1433053-2B13-4C06-9E85-5FD441701B37}.Debug|Any CPU.Build.0 = Debug|Any CPU
		{C1433053-2B13-4C06-9E85-5FD441701B37}.Release|Any CPU.ActiveCfg = Release|Any CPU
		{C1433053-2B13-4C06-9E85-5FD441701B37}.Release|Any CPU.Build.0 = Release|Any CPU
		{20EE6A10-C8E4-4509-ADA9-67F7D633EB3A}.Debug|Any CPU.ActiveCfg = Debug|Any CPU
		{20EE6A10-C8E4-4509-ADA9-67F7D633EB3A}.Debug|Any CPU.Build.0 = Debug|Any CPU
		{20EE6A10-C8E4-4509-ADA9-67F7D633EB3A}.Release|Any CPU.ActiveCfg = Release|Any CPU
		{20EE6A10-C8E4-4509-ADA9-67F7D633EB3A}.Release|Any CPU.Build.0 = Release|Any CPU
		{C50EA6D0-D921-43E2-AAFA-74AACC31D259}.Debug|Any CPU.ActiveCfg = Debug|Any CPU
		{C50EA6D0-D921-43E2-AAFA-74AACC31D259}.Debug|Any CPU.Build.0 = Debug|Any CPU
		{C50EA6D0-D921-43E2-AAFA-74AACC31D259}.Release|Any CPU.ActiveCfg = Release|Any CPU
		{C50EA6D0-D921-43E2-AAFA-74AACC31D259}.Release|Any CPU.Build.0 = Release|Any CPU
	EndGlobalSection
	GlobalSection(SolutionProperties) = preSolution
		HideSolutionNode = FALSE
	EndGlobalSection
	GlobalSection(ExtensibilityGlobals) = postSolution
		SolutionGuid = {C68F8244-C6B9-462E-910B-5D59628F505E}
	EndGlobalSection
EndGlobal
